
Microsoft Visual Studio Solution File, Format Version 12.00
# Visual Studio Version 16
VisualStudioVersion = 16.0.29709.97
MinimumVisualStudioVersion = 10.0.40219.1
Project("{2150E333-8FDC-42A3-9474-1A3956D46DE8}") = "Solution Items", "Solution Items", "{8F38465B-3D9A-481D-B696-82B867EF2771}"
	ProjectSection(SolutionItems) = preProject
		CHANGELOG.md = CHANGELOG.md
		LICENSE.md = LICENSE.md
		NewPlatform.Flexberry.ORM.GisPostgresDataService.nuspec = NewPlatform.Flexberry.ORM.GisPostgresDataService.nuspec
		README.md = README.md
	EndProjectSection
EndProject
Project("{FAE04EC0-301F-11D3-BF4B-00C04F79EFBC}") = "NewPlatform.Flexberry.ORM.GisPostgresDataService", "NewPlatform.Flexberry.ORM.GisPostgresDataService\NewPlatform.Flexberry.ORM.GisPostgresDataService.csproj", "{C7433460-8306-49ED-93E8-89435EACD95A}"
EndProject
Global
	GlobalSection(SolutionConfigurationPlatforms) = preSolution
		Debug|Any CPU = Debug|Any CPU
		Release|Any CPU = Release|Any CPU
	EndGlobalSection
	GlobalSection(ProjectConfigurationPlatforms) = postSolution
		{C7433460-8306-49ED-93E8-89435EACD95A}.Debug|Any CPU.ActiveCfg = Debug|Any CPU
		{C7433460-8306-49ED-93E8-89435EACD95A}.Debug|Any CPU.Build.0 = Debug|Any CPU
		{C7433460-8306-49ED-93E8-89435EACD95A}.Release|Any CPU.ActiveCfg = Release|Any CPU
		{C7433460-8306-49ED-93E8-89435EACD95A}.Release|Any CPU.Build.0 = Release|Any CPU
	EndGlobalSection
	GlobalSection(SolutionProperties) = preSolution
		HideSolutionNode = FALSE
	EndGlobalSection
	GlobalSection(ExtensibilityGlobals) = postSolution
		SolutionGuid = {125FBAE3-CC8E-4A3C-B4CE-712F095EEE4A}
	EndGlobalSection
EndGlobal
